// !$*UTF8*$!
{
	archiveVersion = 1;
	classes = {
	};
	objectVersion = 56;
	objects = {

/* Begin PBXBuildFile section */
		3C5100813215E80C9465F18E /* Pods_CatstaGram.framework in Frameworks */ = {isa = PBXBuildFile; fileRef = 0B7E72D3E90455D71D3843F7 /* Pods_CatstaGram.framework */; };
		F21C19BF2C8FDB3A0023B44E /* ProfileCollectionViewCell.swift in Sources */ = {isa = PBXBuildFile; fileRef = F21C19BD2C8FDB3A0023B44E /* ProfileCollectionViewCell.swift */; };
		F21C19C02C8FDB3A0023B44E /* ProfileCollectionViewCell.xib in Resources */ = {isa = PBXBuildFile; fileRef = F21C19BE2C8FDB3A0023B44E /* ProfileCollectionViewCell.xib */; };
		F21C19C52C8FE72C0023B44E /* PostCollectionViewCell.swift in Sources */ = {isa = PBXBuildFile; fileRef = F21C19C32C8FE72C0023B44E /* PostCollectionViewCell.swift */; };
		F21C19C62C8FE72C0023B44E /* PostCollectionViewCell.xib in Resources */ = {isa = PBXBuildFile; fileRef = F21C19C42C8FE72C0023B44E /* PostCollectionViewCell.xib */; };
		F252784E2C8989E000685866 /* AppDelegate.swift in Sources */ = {isa = PBXBuildFile; fileRef = F252784D2C8989E000685866 /* AppDelegate.swift */; };
		F25278502C8989E000685866 /* SceneDelegate.swift in Sources */ = {isa = PBXBuildFile; fileRef = F252784F2C8989E000685866 /* SceneDelegate.swift */; };
		F25278552C8989E000685866 /* Base in Resources */ = {isa = PBXBuildFile; fileRef = F25278542C8989E000685866 /* Base */; };
		F25278572C8989E100685866 /* Assets.xcassets in Resources */ = {isa = PBXBuildFile; fileRef = F25278562C8989E100685866 /* Assets.xcassets */; };
		F252785A2C8989E100685866 /* Base in Resources */ = {isa = PBXBuildFile; fileRef = F25278592C8989E100685866 /* Base */; };
		F25278652C8989E100685866 /* CatstaGramTests.swift in Sources */ = {isa = PBXBuildFile; fileRef = F25278642C8989E100685866 /* CatstaGramTests.swift */; };
		F252786F2C8989E100685866 /* CatstaGramUITests.swift in Sources */ = {isa = PBXBuildFile; fileRef = F252786E2C8989E100685866 /* CatstaGramUITests.swift */; };
		F25278712C8989E100685866 /* CatstaGramUITestsLaunchTests.swift in Sources */ = {isa = PBXBuildFile; fileRef = F25278702C8989E100685866 /* CatstaGramUITestsLaunchTests.swift */; };
		F252787E2C89ACB000685866 /* LoginViewController.swift in Sources */ = {isa = PBXBuildFile; fileRef = F252787D2C89ACB000685866 /* LoginViewController.swift */; };
		F25DCB362C9174790036B854 /* FeedUploadInput.swift in Sources */ = {isa = PBXBuildFile; fileRef = F25DCB352C9174790036B854 /* FeedUploadInput.swift */; };
		F25DCB3A2C9175040036B854 /* FeedUploadModel.swift in Sources */ = {isa = PBXBuildFile; fileRef = F25DCB392C9175040036B854 /* FeedUploadModel.swift */; };
		F25DCB3C2C9175B20036B854 /* FeedUploadDataManager.swift in Sources */ = {isa = PBXBuildFile; fileRef = F25DCB3B2C9175B20036B854 /* FeedUploadDataManager.swift */; };
		F25DCB422C917E250036B854 /* UserFeedModel.swift in Sources */ = {isa = PBXBuildFile; fileRef = F25DCB412C917E250036B854 /* UserFeedModel.swift */; };
		F25DCB442C9186B30036B854 /* UserFeedDataManager.swift in Sources */ = {isa = PBXBuildFile; fileRef = F25DCB432C9186B30036B854 /* UserFeedDataManager.swift */; };
		F25DCB482C919DD10036B854 /* DeleteUserFeed.swift in Sources */ = {isa = PBXBuildFile; fileRef = F25DCB472C919DD10036B854 /* DeleteUserFeed.swift */; };
		F261394A2C8AE24D003917DC /* RegisterViewController.swift in Sources */ = {isa = PBXBuildFile; fileRef = F26139492C8AE24D003917DC /* RegisterViewController.swift */; };
		F2868B1D2C8ED73300D785A2 /* StoryTableViewCell.swift in Sources */ = {isa = PBXBuildFile; fileRef = F2868B1B2C8ED73300D785A2 /* StoryTableViewCell.swift */; };
		F2868B1E2C8ED73300D785A2 /* StoryTableViewCell.xib in Resources */ = {isa = PBXBuildFile; fileRef = F2868B1C2C8ED73300D785A2 /* StoryTableViewCell.xib */; };
		F2868B212C8EDA8F00D785A2 /* StoryCollectionViewCell.swift in Sources */ = {isa = PBXBuildFile; fileRef = F2868B1F2C8EDA8F00D785A2 /* StoryCollectionViewCell.swift */; };
		F2868B222C8EDA8F00D785A2 /* StoryCollectionViewCell.xib in Resources */ = {isa = PBXBuildFile; fileRef = F2868B202C8EDA8F00D785A2 /* StoryCollectionViewCell.xib */; };
		F2868B252C8FD8CE00D785A2 /* ProfileViewController.swift in Sources */ = {isa = PBXBuildFile; fileRef = F2868B242C8FD8CE00D785A2 /* ProfileViewController.swift */; };
		F2902DE02C8E98EA00A90440 /* UIView+Extension.swift in Sources */ = {isa = PBXBuildFile; fileRef = F2902DDF2C8E98EA00A90440 /* UIView+Extension.swift */; };
		F2902DE22C8E9A5E00A90440 /* UIViewController+Extension.swift in Sources */ = {isa = PBXBuildFile; fileRef = F2902DE12C8E9A5E00A90440 /* UIViewController+Extension.swift */; };
		F2902DE42C8EAE2300A90440 /* UserInfo.swift in Sources */ = {isa = PBXBuildFile; fileRef = F2902DE32C8EAE2300A90440 /* UserInfo.swift */; };
		F2902E272C8EC79B00A90440 /* HomeViewController.swift in Sources */ = {isa = PBXBuildFile; fileRef = F2902E262C8EC79B00A90440 /* HomeViewController.swift */; };
		F2902E312C8ECB2700A90440 /* FeedTableViewCell.xib in Resources */ = {isa = PBXBuildFile; fileRef = F2902E302C8ECB2700A90440 /* FeedTableViewCell.xib */; };
		F2902E322C8ECB2700A90440 /* FeedTableViewCell.swift in Sources */ = {isa = PBXBuildFile; fileRef = F2902E2F2C8ECB2700A90440 /* FeedTableViewCell.swift */; };
		F2A1C54E2C9153CC0006C7F5 /* FeedAPIInput.swift in Sources */ = {isa = PBXBuildFile; fileRef = F2A1C54D2C9153CC0006C7F5 /* FeedAPIInput.swift */; };
		F2A1C5502C91545C0006C7F5 /* FeedModel.swift in Sources */ = {isa = PBXBuildFile; fileRef = F2A1C54F2C91545C0006C7F5 /* FeedModel.swift */; };
		F2A1C5522C9155350006C7F5 /* FeedDataManager.swift in Sources */ = {isa = PBXBuildFile; fileRef = F2A1C5512C9155350006C7F5 /* FeedDataManager.swift */; };
		F2A96CFC2C92AB8800266F63 /* ReelsViewController.swift in Sources */ = {isa = PBXBuildFile; fileRef = F2A96CFB2C92AB8800266F63 /* ReelsViewController.swift */; };
		F2A96CFF2C92AC7C00266F63 /* ReelsCollectionViewCell.swift in Sources */ = {isa = PBXBuildFile; fileRef = F2A96CFD2C92AC7C00266F63 /* ReelsCollectionViewCell.swift */; };
		F2A96D002C92AC7C00266F63 /* ReelsCollectionViewCell.xib in Resources */ = {isa = PBXBuildFile; fileRef = F2A96CFE2C92AC7C00266F63 /* ReelsCollectionViewCell.xib */; };
		F2A96D032C92B0D200266F63 /* shortsVideo.MP4 in Resources */ = {isa = PBXBuildFile; fileRef = F2A96D012C92B0D200266F63 /* shortsVideo.MP4 */; };
		F2A96D042C92B0D200266F63 /* reelsVideo.MP4 in Resources */ = {isa = PBXBuildFile; fileRef = F2A96D022C92B0D200266F63 /* reelsVideo.MP4 */; };
		F2A96D062C92C07200266F63 /* ReelsCell.swift in Sources */ = {isa = PBXBuildFile; fileRef = F2A96D052C92C07200266F63 /* ReelsCell.swift */; };
		F2A96D082C92C44E00266F63 /* VideoPlayerView.swift in Sources */ = {isa = PBXBuildFile; fileRef = F2A96D072C92C44E00266F63 /* VideoPlayerView.swift */; };
/* End PBXBuildFile section */

/* Begin PBXContainerItemProxy section */
		F25278612C8989E100685866 /* PBXContainerItemProxy */ = {
			isa = PBXContainerItemProxy;
			containerPortal = F25278422C8989E000685866 /* Project object */;
			proxyType = 1;
			remoteGlobalIDString = F25278492C8989E000685866;
			remoteInfo = CatstaGram;
		};
		F252786B2C8989E100685866 /* PBXContainerItemProxy */ = {
			isa = PBXContainerItemProxy;
			containerPortal = F25278422C8989E000685866 /* Project object */;
			proxyType = 1;
			remoteGlobalIDString = F25278492C8989E000685866;
			remoteInfo = CatstaGram;
		};
/* End PBXContainerItemProxy section */

/* Begin PBXFileReference section */
		0B7E72D3E90455D71D3843F7 /* Pods_CatstaGram.framework */ = {isa = PBXFileReference; explicitFileType = wrapper.framework; includeInIndex = 0; path = Pods_CatstaGram.framework; sourceTree = BUILT_PRODUCTS_DIR; };
		3F3F8A2CF2138145091B5323 /* Pods-CatstaGram.debug.xcconfig */ = {isa = PBXFileReference; includeInIndex = 1; lastKnownFileType = text.xcconfig; name = "Pods-CatstaGram.debug.xcconfig"; path = "Target Support Files/Pods-CatstaGram/Pods-CatstaGram.debug.xcconfig"; sourceTree = "<group>"; };
		9A67C7576C1B24CBB897364E /* Pods-CatstaGram.release.xcconfig */ = {isa = PBXFileReference; includeInIndex = 1; lastKnownFileType = text.xcconfig; name = "Pods-CatstaGram.release.xcconfig"; path = "Target Support Files/Pods-CatstaGram/Pods-CatstaGram.release.xcconfig"; sourceTree = "<group>"; };
		F21C19BD2C8FDB3A0023B44E /* ProfileCollectionViewCell.swift */ = {isa = PBXFileReference; lastKnownFileType = sourcecode.swift; path = ProfileCollectionViewCell.swift; sourceTree = "<group>"; };
		F21C19BE2C8FDB3A0023B44E /* ProfileCollectionViewCell.xib */ = {isa = PBXFileReference; lastKnownFileType = file.xib; path = ProfileCollectionViewCell.xib; sourceTree = "<group>"; };
		F21C19C32C8FE72C0023B44E /* PostCollectionViewCell.swift */ = {isa = PBXFileReference; lastKnownFileType = sourcecode.swift; path = PostCollectionViewCell.swift; sourceTree = "<group>"; };
		F21C19C42C8FE72C0023B44E /* PostCollectionViewCell.xib */ = {isa = PBXFileReference; lastKnownFileType = file.xib; path = PostCollectionViewCell.xib; sourceTree = "<group>"; };
		F252784A2C8989E000685866 /* CatstaGram.app */ = {isa = PBXFileReference; explicitFileType = wrapper.application; includeInIndex = 0; path = CatstaGram.app; sourceTree = BUILT_PRODUCTS_DIR; };
		F252784D2C8989E000685866 /* AppDelegate.swift */ = {isa = PBXFileReference; lastKnownFileType = sourcecode.swift; path = AppDelegate.swift; sourceTree = "<group>"; };
		F252784F2C8989E000685866 /* SceneDelegate.swift */ = {isa = PBXFileReference; lastKnownFileType = sourcecode.swift; path = SceneDelegate.swift; sourceTree = "<group>"; };
		F25278542C8989E000685866 /* Base */ = {isa = PBXFileReference; lastKnownFileType = file.storyboard; name = Base; path = Base.lproj/Main.storyboard; sourceTree = "<group>"; };
		F25278562C8989E100685866 /* Assets.xcassets */ = {isa = PBXFileReference; lastKnownFileType = folder.assetcatalog; path = Assets.xcassets; sourceTree = "<group>"; };
		F25278592C8989E100685866 /* Base */ = {isa = PBXFileReference; lastKnownFileType = file.storyboard; name = Base; path = Base.lproj/LaunchScreen.storyboard; sourceTree = "<group>"; };
		F252785B2C8989E100685866 /* Info.plist */ = {isa = PBXFileReference; lastKnownFileType = text.plist.xml; path = Info.plist; sourceTree = "<group>"; };
		F25278602C8989E100685866 /* CatstaGramTests.xctest */ = {isa = PBXFileReference; explicitFileType = wrapper.cfbundle; includeInIndex = 0; path = CatstaGramTests.xctest; sourceTree = BUILT_PRODUCTS_DIR; };
		F25278642C8989E100685866 /* CatstaGramTests.swift */ = {isa = PBXFileReference; lastKnownFileType = sourcecode.swift; path = CatstaGramTests.swift; sourceTree = "<group>"; };
		F252786A2C8989E100685866 /* CatstaGramUITests.xctest */ = {isa = PBXFileReference; explicitFileType = wrapper.cfbundle; includeInIndex = 0; path = CatstaGramUITests.xctest; sourceTree = BUILT_PRODUCTS_DIR; };
		F252786E2C8989E100685866 /* CatstaGramUITests.swift */ = {isa = PBXFileReference; lastKnownFileType = sourcecode.swift; path = CatstaGramUITests.swift; sourceTree = "<group>"; };
		F25278702C8989E100685866 /* CatstaGramUITestsLaunchTests.swift */ = {isa = PBXFileReference; lastKnownFileType = sourcecode.swift; path = CatstaGramUITestsLaunchTests.swift; sourceTree = "<group>"; };
		F252787D2C89ACB000685866 /* LoginViewController.swift */ = {isa = PBXFileReference; lastKnownFileType = sourcecode.swift; path = LoginViewController.swift; sourceTree = "<group>"; };
		F25DCB352C9174790036B854 /* FeedUploadInput.swift */ = {isa = PBXFileReference; lastKnownFileType = sourcecode.swift; path = FeedUploadInput.swift; sourceTree = "<group>"; };
		F25DCB392C9175040036B854 /* FeedUploadModel.swift */ = {isa = PBXFileReference; lastKnownFileType = sourcecode.swift; path = FeedUploadModel.swift; sourceTree = "<group>"; };
		F25DCB3B2C9175B20036B854 /* FeedUploadDataManager.swift */ = {isa = PBXFileReference; lastKnownFileType = sourcecode.swift; path = FeedUploadDataManager.swift; sourceTree = "<group>"; };
		F25DCB412C917E250036B854 /* UserFeedModel.swift */ = {isa = PBXFileReference; lastKnownFileType = sourcecode.swift; path = UserFeedModel.swift; sourceTree = "<group>"; };
		F25DCB432C9186B30036B854 /* UserFeedDataManager.swift */ = {isa = PBXFileReference; lastKnownFileType = sourcecode.swift; path = UserFeedDataManager.swift; sourceTree = "<group>"; };
		F25DCB472C919DD10036B854 /* DeleteUserFeed.swift */ = {isa = PBXFileReference; lastKnownFileType = sourcecode.swift; path = DeleteUserFeed.swift; sourceTree = "<group>"; };
		F26139492C8AE24D003917DC /* RegisterViewController.swift */ = {isa = PBXFileReference; lastKnownFileType = sourcecode.swift; path = RegisterViewController.swift; sourceTree = "<group>"; };
		F2868B1B2C8ED73300D785A2 /* StoryTableViewCell.swift */ = {isa = PBXFileReference; lastKnownFileType = sourcecode.swift; path = StoryTableViewCell.swift; sourceTree = "<group>"; };
		F2868B1C2C8ED73300D785A2 /* StoryTableViewCell.xib */ = {isa = PBXFileReference; lastKnownFileType = file.xib; path = StoryTableViewCell.xib; sourceTree = "<group>"; };
		F2868B1F2C8EDA8F00D785A2 /* StoryCollectionViewCell.swift */ = {isa = PBXFileReference; lastKnownFileType = sourcecode.swift; path = StoryCollectionViewCell.swift; sourceTree = "<group>"; };
		F2868B202C8EDA8F00D785A2 /* StoryCollectionViewCell.xib */ = {isa = PBXFileReference; lastKnownFileType = file.xib; path = StoryCollectionViewCell.xib; sourceTree = "<group>"; };
		F2868B242C8FD8CE00D785A2 /* ProfileViewController.swift */ = {isa = PBXFileReference; lastKnownFileType = sourcecode.swift; path = ProfileViewController.swift; sourceTree = "<group>"; };
		F2902DDF2C8E98EA00A90440 /* UIView+Extension.swift */ = {isa = PBXFileReference; lastKnownFileType = sourcecode.swift; path = "UIView+Extension.swift"; sourceTree = "<group>"; };
		F2902DE12C8E9A5E00A90440 /* UIViewController+Extension.swift */ = {isa = PBXFileReference; lastKnownFileType = sourcecode.swift; path = "UIViewController+Extension.swift"; sourceTree = "<group>"; };
		F2902DE32C8EAE2300A90440 /* UserInfo.swift */ = {isa = PBXFileReference; lastKnownFileType = sourcecode.swift; path = UserInfo.swift; sourceTree = "<group>"; };
		F2902E262C8EC79B00A90440 /* HomeViewController.swift */ = {isa = PBXFileReference; lastKnownFileType = sourcecode.swift; path = HomeViewController.swift; sourceTree = "<group>"; };
		F2902E2F2C8ECB2700A90440 /* FeedTableViewCell.swift */ = {isa = PBXFileReference; lastKnownFileType = sourcecode.swift; path = FeedTableViewCell.swift; sourceTree = "<group>"; };
		F2902E302C8ECB2700A90440 /* FeedTableViewCell.xib */ = {isa = PBXFileReference; lastKnownFileType = file.xib; path = FeedTableViewCell.xib; sourceTree = "<group>"; };
		F298D5F62C91611D00A6F18E /* Alamofire.framework */ = {isa = PBXFileReference; explicitFileType = wrapper.framework; path = Alamofire.framework; sourceTree = BUILT_PRODUCTS_DIR; };
		F298D5F72C91611D00A6F18E /* Alamofire.bundle */ = {isa = PBXFileReference; explicitFileType = wrapper.cfbundle; path = Alamofire.bundle; sourceTree = BUILT_PRODUCTS_DIR; };
		F2A1C54D2C9153CC0006C7F5 /* FeedAPIInput.swift */ = {isa = PBXFileReference; lastKnownFileType = sourcecode.swift; path = FeedAPIInput.swift; sourceTree = "<group>"; };
		F2A1C54F2C91545C0006C7F5 /* FeedModel.swift */ = {isa = PBXFileReference; lastKnownFileType = sourcecode.swift; path = FeedModel.swift; sourceTree = "<group>"; };
		F2A1C5512C9155350006C7F5 /* FeedDataManager.swift */ = {isa = PBXFileReference; lastKnownFileType = sourcecode.swift; path = FeedDataManager.swift; sourceTree = "<group>"; };
		F2A96CFB2C92AB8800266F63 /* ReelsViewController.swift */ = {isa = PBXFileReference; lastKnownFileType = sourcecode.swift; path = ReelsViewController.swift; sourceTree = "<group>"; };
		F2A96CFD2C92AC7C00266F63 /* ReelsCollectionViewCell.swift */ = {isa = PBXFileReference; lastKnownFileType = sourcecode.swift; path = ReelsCollectionViewCell.swift; sourceTree = "<group>"; };
		F2A96CFE2C92AC7C00266F63 /* ReelsCollectionViewCell.xib */ = {isa = PBXFileReference; lastKnownFileType = file.xib; path = ReelsCollectionViewCell.xib; sourceTree = "<group>"; };
		F2A96D012C92B0D200266F63 /* shortsVideo.MP4 */ = {isa = PBXFileReference; lastKnownFileType = file; name = shortsVideo.MP4; path = ../../../../../../Downloads/shortsVideo.MP4; sourceTree = "<group>"; };
		F2A96D022C92B0D200266F63 /* reelsVideo.MP4 */ = {isa = PBXFileReference; lastKnownFileType = file; name = reelsVideo.MP4; path = ../../../../../../Downloads/reelsVideo.MP4; sourceTree = "<group>"; };
		F2A96D052C92C07200266F63 /* ReelsCell.swift */ = {isa = PBXFileReference; lastKnownFileType = sourcecode.swift; path = ReelsCell.swift; sourceTree = "<group>"; };
		F2A96D072C92C44E00266F63 /* VideoPlayerView.swift */ = {isa = PBXFileReference; lastKnownFileType = sourcecode.swift; path = VideoPlayerView.swift; sourceTree = "<group>"; };
/* End PBXFileReference section */

/* Begin PBXFrameworksBuildPhase section */
		F25278472C8989E000685866 /* Frameworks */ = {
			isa = PBXFrameworksBuildPhase;
			buildActionMask = 2147483647;
			files = (
				3C5100813215E80C9465F18E /* Pods_CatstaGram.framework in Frameworks */,
			);
			runOnlyForDeploymentPostprocessing = 0;
		};
		F252785D2C8989E100685866 /* Frameworks */ = {
			isa = PBXFrameworksBuildPhase;
			buildActionMask = 2147483647;
			files = (
			);
			runOnlyForDeploymentPostprocessing = 0;
		};
		F25278672C8989E100685866 /* Frameworks */ = {
			isa = PBXFrameworksBuildPhase;
			buildActionMask = 2147483647;
			files = (
			);
			runOnlyForDeploymentPostprocessing = 0;
		};
/* End PBXFrameworksBuildPhase section */

/* Begin PBXGroup section */
		0F140C407A38A80AD873822B /* Frameworks */ = {
			isa = PBXGroup;
			children = (
				F298D5F62C91611D00A6F18E /* Alamofire.framework */,
				F298D5F72C91611D00A6F18E /* Alamofire.bundle */,
				0B7E72D3E90455D71D3843F7 /* Pods_CatstaGram.framework */,
			);
			name = Frameworks;
			sourceTree = "<group>";
		};
		373DB5337B76D46592AFFBDE /* Pods */ = {
			isa = PBXGroup;
			children = (
				3F3F8A2CF2138145091B5323 /* Pods-CatstaGram.debug.xcconfig */,
				9A67C7576C1B24CBB897364E /* Pods-CatstaGram.release.xcconfig */,
			);
			path = Pods;
			sourceTree = "<group>";
		};
		F21C19BC2C8FDB0B0023B44E /* Cell */ = {
			isa = PBXGroup;
			children = (
				F21C19C22C8FE71C0023B44E /* PostCell */,
				F21C19C12C8FE7050023B44E /* ProfileCell */,
			);
			path = Cell;
			sourceTree = "<group>";
		};
		F21C19C12C8FE7050023B44E /* ProfileCell */ = {
			isa = PBXGroup;
			children = (
				F21C19BD2C8FDB3A0023B44E /* ProfileCollectionViewCell.swift */,
				F21C19BE2C8FDB3A0023B44E /* ProfileCollectionViewCell.xib */,
			);
			path = ProfileCell;
			sourceTree = "<group>";
		};
		F21C19C22C8FE71C0023B44E /* PostCell */ = {
			isa = PBXGroup;
			children = (
				F21C19C32C8FE72C0023B44E /* PostCollectionViewCell.swift */,
				F21C19C42C8FE72C0023B44E /* PostCollectionViewCell.xib */,
			);
			path = PostCell;
			sourceTree = "<group>";
		};
		F25278412C8989E000685866 = {
			isa = PBXGroup;
			children = (
				F252784C2C8989E000685866 /* CatstaGram */,
				F25278632C8989E100685866 /* CatstaGramTests */,
				F252786D2C8989E100685866 /* CatstaGramUITests */,
				F252784B2C8989E000685866 /* Products */,
				373DB5337B76D46592AFFBDE /* Pods */,
				0F140C407A38A80AD873822B /* Frameworks */,
			);
			sourceTree = "<group>";
		};
		F252784B2C8989E000685866 /* Products */ = {
			isa = PBXGroup;
			children = (
				F252784A2C8989E000685866 /* CatstaGram.app */,
				F25278602C8989E100685866 /* CatstaGramTests.xctest */,
				F252786A2C8989E100685866 /* CatstaGramUITests.xctest */,
			);
			name = Products;
			sourceTree = "<group>";
		};
		F252784C2C8989E000685866 /* CatstaGram */ = {
			isa = PBXGroup;
			children = (
				F2A96D022C92B0D200266F63 /* reelsVideo.MP4 */,
				F2A96D012C92B0D200266F63 /* shortsVideo.MP4 */,
				F25DCB3D2C917A670036B854 /* App */,
				F25DCB3F2C917AAE0036B854 /* UserInterface */,
				F25278532C8989E000685866 /* Main.storyboard */,
				F2A96CFB2C92AB8800266F63 /* ReelsViewController.swift */,
				F2A96CFD2C92AC7C00266F63 /* ReelsCollectionViewCell.swift */,
				F2A96CFE2C92AC7C00266F63 /* ReelsCollectionViewCell.xib */,
				F2902DE32C8EAE2300A90440 /* UserInfo.swift */,
				F25278562C8989E100685866 /* Assets.xcassets */,
				F25278582C8989E100685866 /* LaunchScreen.storyboard */,
				F252785B2C8989E100685866 /* Info.plist */,
				F2A96D052C92C07200266F63 /* ReelsCell.swift */,
				F2A96D072C92C44E00266F63 /* VideoPlayerView.swift */,
				F2902DDF2C8E98EA00A90440 /* UIView+Extension.swift */,
				F2902DE12C8E9A5E00A90440 /* UIViewController+Extension.swift */,
			);
			path = CatstaGram;
			sourceTree = "<group>";
		};
		F25278632C8989E100685866 /* CatstaGramTests */ = {
			isa = PBXGroup;
			children = (
				F25278642C8989E100685866 /* CatstaGramTests.swift */,
			);
			path = CatstaGramTests;
			sourceTree = "<group>";
		};
		F252786D2C8989E100685866 /* CatstaGramUITests */ = {
			isa = PBXGroup;
			children = (
				F252786E2C8989E100685866 /* CatstaGramUITests.swift */,
				F25278702C8989E100685866 /* CatstaGramUITestsLaunchTests.swift */,
			);
			path = CatstaGramUITests;
			sourceTree = "<group>";
		};
		F25DCB342C9174580036B854 /* FeedUploadDataManager */ = {
			isa = PBXGroup;
			children = (
				F25DCB352C9174790036B854 /* FeedUploadInput.swift */,
				F25DCB392C9175040036B854 /* FeedUploadModel.swift */,
				F25DCB3B2C9175B20036B854 /* FeedUploadDataManager.swift */,
			);
			path = FeedUploadDataManager;
			sourceTree = "<group>";
		};
		F25DCB3D2C917A670036B854 /* App */ = {
			isa = PBXGroup;
			children = (
				F252784D2C8989E000685866 /* AppDelegate.swift */,
				F252784F2C8989E000685866 /* SceneDelegate.swift */,
			);
			path = App;
			sourceTree = "<group>";
		};
		F25DCB3E2C917A920036B854 /* Authentication */ = {
			isa = PBXGroup;
			children = (
				F252787D2C89ACB000685866 /* LoginViewController.swift */,
				F26139492C8AE24D003917DC /* RegisterViewController.swift */,
			);
			path = Authentication;
			sourceTree = "<group>";
		};
		F25DCB3F2C917AAE0036B854 /* UserInterface */ = {
			isa = PBXGroup;
			children = (
				F25DCB3E2C917A920036B854 /* Authentication */,
				F2868B232C8FD8AD00D785A2 /* Profile */,
				F2902E252C8EC78C00A90440 /* Home */,
			);
			path = UserInterface;
			sourceTree = "<group>";
		};
		F25DCB402C917E090036B854 /* UserFeedDataManager */ = {
			isa = PBXGroup;
			children = (
				F25DCB432C9186B30036B854 /* UserFeedDataManager.swift */,
				F25DCB462C919DB00036B854 /* DeleteUserFeed */,
				F25DCB452C919D9B0036B854 /* UserFeed */,
			);
			path = UserFeedDataManager;
			sourceTree = "<group>";
		};
		F25DCB452C919D9B0036B854 /* UserFeed */ = {
			isa = PBXGroup;
			children = (
				F25DCB412C917E250036B854 /* UserFeedModel.swift */,
			);
			path = UserFeed;
			sourceTree = "<group>";
		};
		F25DCB462C919DB00036B854 /* DeleteUserFeed */ = {
			isa = PBXGroup;
			children = (
				F25DCB472C919DD10036B854 /* DeleteUserFeed.swift */,
			);
			path = DeleteUserFeed;
			sourceTree = "<group>";
		};
		F2868B232C8FD8AD00D785A2 /* Profile */ = {
			isa = PBXGroup;
			children = (
				F25DCB402C917E090036B854 /* UserFeedDataManager */,
				F21C19BC2C8FDB0B0023B44E /* Cell */,
				F2868B242C8FD8CE00D785A2 /* ProfileViewController.swift */,
			);
			path = Profile;
			sourceTree = "<group>";
		};
		F2902E252C8EC78C00A90440 /* Home */ = {
			isa = PBXGroup;
			children = (
				F25DCB342C9174580036B854 /* FeedUploadDataManager */,
				F2A1C54C2C9153A50006C7F5 /* FeedDataManager */,
				F2902E282C8ECA3100A90440 /* Cell */,
				F2902E262C8EC79B00A90440 /* HomeViewController.swift */,
			);
			path = Home;
			sourceTree = "<group>";
		};
		F2902E282C8ECA3100A90440 /* Cell */ = {
			isa = PBXGroup;
			children = (
				F2902E2F2C8ECB2700A90440 /* FeedTableViewCell.swift */,
				F2902E302C8ECB2700A90440 /* FeedTableViewCell.xib */,
				F2868B1B2C8ED73300D785A2 /* StoryTableViewCell.swift */,
				F2868B1C2C8ED73300D785A2 /* StoryTableViewCell.xib */,
				F2868B1F2C8EDA8F00D785A2 /* StoryCollectionViewCell.swift */,
				F2868B202C8EDA8F00D785A2 /* StoryCollectionViewCell.xib */,
			);
			path = Cell;
			sourceTree = "<group>";
		};
		F2A1C54C2C9153A50006C7F5 /* FeedDataManager */ = {
			isa = PBXGroup;
			children = (
				F2A1C54D2C9153CC0006C7F5 /* FeedAPIInput.swift */,
				F2A1C54F2C91545C0006C7F5 /* FeedModel.swift */,
				F2A1C5512C9155350006C7F5 /* FeedDataManager.swift */,
			);
			path = FeedDataManager;
			sourceTree = "<group>";
		};
/* End PBXGroup section */

/* Begin PBXNativeTarget section */
		F25278492C8989E000685866 /* CatstaGram */ = {
			isa = PBXNativeTarget;
			buildConfigurationList = F25278742C8989E100685866 /* Build configuration list for PBXNativeTarget "CatstaGram" */;
			buildPhases = (
				F76E189C0B2E8AAE7B1A3F15 /* [CP] Check Pods Manifest.lock */,
				F25278462C8989E000685866 /* Sources */,
				F25278472C8989E000685866 /* Frameworks */,
				F25278482C8989E000685866 /* Resources */,
				446E1512B6706CA528C5A0F5 /* [CP] Embed Pods Frameworks */,
			);
			buildRules = (
			);
			dependencies = (
			);
			name = CatstaGram;
			productName = CatstaGram;
			productReference = F252784A2C8989E000685866 /* CatstaGram.app */;
			productType = "com.apple.product-type.application";
		};
		F252785F2C8989E100685866 /* CatstaGramTests */ = {
			isa = PBXNativeTarget;
			buildConfigurationList = F25278772C8989E100685866 /* Build configuration list for PBXNativeTarget "CatstaGramTests" */;
			buildPhases = (
				F252785C2C8989E100685866 /* Sources */,
				F252785D2C8989E100685866 /* Frameworks */,
				F252785E2C8989E100685866 /* Resources */,
			);
			buildRules = (
			);
			dependencies = (
				F25278622C8989E100685866 /* PBXTargetDependency */,
			);
			name = CatstaGramTests;
			productName = CatstaGramTests;
			productReference = F25278602C8989E100685866 /* CatstaGramTests.xctest */;
			productType = "com.apple.product-type.bundle.unit-test";
		};
		F25278692C8989E100685866 /* CatstaGramUITests */ = {
			isa = PBXNativeTarget;
			buildConfigurationList = F252787A2C8989E100685866 /* Build configuration list for PBXNativeTarget "CatstaGramUITests" */;
			buildPhases = (
				F25278662C8989E100685866 /* Sources */,
				F25278672C8989E100685866 /* Frameworks */,
				F25278682C8989E100685866 /* Resources */,
			);
			buildRules = (
			);
			dependencies = (
				F252786C2C8989E100685866 /* PBXTargetDependency */,
			);
			name = CatstaGramUITests;
			productName = CatstaGramUITests;
			productReference = F252786A2C8989E100685866 /* CatstaGramUITests.xctest */;
			productType = "com.apple.product-type.bundle.ui-testing";
		};
/* End PBXNativeTarget section */

/* Begin PBXProject section */
		F25278422C8989E000685866 /* Project object */ = {
			isa = PBXProject;
			attributes = {
				BuildIndependentTargetsInParallel = 1;
				LastSwiftUpdateCheck = 1540;
				LastUpgradeCheck = 1540;
				TargetAttributes = {
					F25278492C8989E000685866 = {
						CreatedOnToolsVersion = 15.4;
					};
					F252785F2C8989E100685866 = {
						CreatedOnToolsVersion = 15.4;
						TestTargetID = F25278492C8989E000685866;
					};
					F25278692C8989E100685866 = {
						CreatedOnToolsVersion = 15.4;
						TestTargetID = F25278492C8989E000685866;
					};
				};
			};
			buildConfigurationList = F25278452C8989E000685866 /* Build configuration list for PBXProject "CatstaGram" */;
			compatibilityVersion = "Xcode 14.0";
			developmentRegion = en;
			hasScannedForEncodings = 0;
			knownRegions = (
				en,
				Base,
			);
			mainGroup = F25278412C8989E000685866;
			productRefGroup = F252784B2C8989E000685866 /* Products */;
			projectDirPath = "";
			projectRoot = "";
			targets = (
				F25278492C8989E000685866 /* CatstaGram */,
				F252785F2C8989E100685866 /* CatstaGramTests */,
				F25278692C8989E100685866 /* CatstaGramUITests */,
			);
		};
/* End PBXProject section */

/* Begin PBXResourcesBuildPhase section */
		F25278482C8989E000685866 /* Resources */ = {
			isa = PBXResourcesBuildPhase;
			buildActionMask = 2147483647;
			files = (
				F2A96D032C92B0D200266F63 /* shortsVideo.MP4 in Resources */,
				F2A96D042C92B0D200266F63 /* reelsVideo.MP4 in Resources */,
				F21C19C62C8FE72C0023B44E /* PostCollectionViewCell.xib in Resources */,
				F25278572C8989E100685866 /* Assets.xcassets in Resources */,
				F2902E312C8ECB2700A90440 /* FeedTableViewCell.xib in Resources */,
				F252785A2C8989E100685866 /* Base in Resources */,
				F21C19C02C8FDB3A0023B44E /* ProfileCollectionViewCell.xib in Resources */,
				F2868B1E2C8ED73300D785A2 /* StoryTableViewCell.xib in Resources */,
				F2868B222C8EDA8F00D785A2 /* StoryCollectionViewCell.xib in Resources */,
				F2A96D002C92AC7C00266F63 /* ReelsCollectionViewCell.xib in Resources */,
				F25278552C8989E000685866 /* Base in Resources */,
			);
			runOnlyForDeploymentPostprocessing = 0;
		};
		F252785E2C8989E100685866 /* Resources */ = {
			isa = PBXResourcesBuildPhase;
			buildActionMask = 2147483647;
			files = (
			);
			runOnlyForDeploymentPostprocessing = 0;
		};
		F25278682C8989E100685866 /* Resources */ = {
			isa = PBXResourcesBuildPhase;
			buildActionMask = 2147483647;
			files = (
			);
			runOnlyForDeploymentPostprocessing = 0;
		};
/* End PBXResourcesBuildPhase section */

/* Begin PBXShellScriptBuildPhase section */
		446E1512B6706CA528C5A0F5 /* [CP] Embed Pods Frameworks */ = {
			isa = PBXShellScriptBuildPhase;
			buildActionMask = 2147483647;
			files = (
			);
			inputFileListPaths = (
				"${PODS_ROOT}/Target Support Files/Pods-CatstaGram/Pods-CatstaGram-frameworks-${CONFIGURATION}-input-files.xcfilelist",
			);
			name = "[CP] Embed Pods Frameworks";
			outputFileListPaths = (
				"${PODS_ROOT}/Target Support Files/Pods-CatstaGram/Pods-CatstaGram-frameworks-${CONFIGURATION}-output-files.xcfilelist",
			);
			runOnlyForDeploymentPostprocessing = 0;
			shellPath = /bin/sh;
			shellScript = "\"${PODS_ROOT}/Target Support Files/Pods-CatstaGram/Pods-CatstaGram-frameworks.sh\"\n";
			showEnvVarsInLog = 0;
		};
		F76E189C0B2E8AAE7B1A3F15 /* [CP] Check Pods Manifest.lock */ = {
			isa = PBXShellScriptBuildPhase;
			buildActionMask = 2147483647;
			files = (
			);
			inputFileListPaths = (
			);
			inputPaths = (
				"${PODS_PODFILE_DIR_PATH}/Podfile.lock",
				"${PODS_ROOT}/Manifest.lock",
			);
			name = "[CP] Check Pods Manifest.lock";
			outputFileListPaths = (
			);
			outputPaths = (
				"$(DERIVED_FILE_DIR)/Pods-CatstaGram-checkManifestLockResult.txt",
			);
			runOnlyForDeploymentPostprocessing = 0;
			shellPath = /bin/sh;
			shellScript = "diff \"${PODS_PODFILE_DIR_PATH}/Podfile.lock\" \"${PODS_ROOT}/Manifest.lock\" > /dev/null\nif [ $? != 0 ] ; then\n    # print error to STDERR\n    echo \"error: The sandbox is not in sync with the Podfile.lock. Run 'pod install' or update your CocoaPods installation.\" >&2\n    exit 1\nfi\n# This output is used by Xcode 'outputs' to avoid re-running this script phase.\necho \"SUCCESS\" > \"${SCRIPT_OUTPUT_FILE_0}\"\n";
			showEnvVarsInLog = 0;
		};
/* End PBXShellScriptBuildPhase section */

/* Begin PBXSourcesBuildPhase section */
		F25278462C8989E000685866 /* Sources */ = {
			isa = PBXSourcesBuildPhase;
			buildActionMask = 2147483647;
			files = (
				F2902DE22C8E9A5E00A90440 /* UIViewController+Extension.swift in Sources */,
				F252787E2C89ACB000685866 /* LoginViewController.swift in Sources */,
				F2A1C54E2C9153CC0006C7F5 /* FeedAPIInput.swift in Sources */,
				F2868B212C8EDA8F00D785A2 /* StoryCollectionViewCell.swift in Sources */,
				F25DCB482C919DD10036B854 /* DeleteUserFeed.swift in Sources */,
				F252784E2C8989E000685866 /* AppDelegate.swift in Sources */,
				F25DCB362C9174790036B854 /* FeedUploadInput.swift in Sources */,
				F2902E272C8EC79B00A90440 /* HomeViewController.swift in Sources */,
				F25278502C8989E000685866 /* SceneDelegate.swift in Sources */,
				F25DCB442C9186B30036B854 /* UserFeedDataManager.swift in Sources */,
				F2868B252C8FD8CE00D785A2 /* ProfileViewController.swift in Sources */,
				F2902DE02C8E98EA00A90440 /* UIView+Extension.swift in Sources */,
				F21C19BF2C8FDB3A0023B44E /* ProfileCollectionViewCell.swift in Sources */,
				F2A96D062C92C07200266F63 /* ReelsCell.swift in Sources */,
				F25DCB3A2C9175040036B854 /* FeedUploadModel.swift in Sources */,
				F25DCB3C2C9175B20036B854 /* FeedUploadDataManager.swift in Sources */,
				F2902DE42C8EAE2300A90440 /* UserInfo.swift in Sources */,
				F2A1C5522C9155350006C7F5 /* FeedDataManager.swift in Sources */,
				F2902E322C8ECB2700A90440 /* FeedTableViewCell.swift in Sources */,
				F261394A2C8AE24D003917DC /* RegisterViewController.swift in Sources */,
				F2A96CFF2C92AC7C00266F63 /* ReelsCollectionViewCell.swift in Sources */,
				F21C19C52C8FE72C0023B44E /* PostCollectionViewCell.swift in Sources */,
				F25DCB422C917E250036B854 /* UserFeedModel.swift in Sources */,
				F2A96D082C92C44E00266F63 /* VideoPlayerView.swift in Sources */,
				F2868B1D2C8ED73300D785A2 /* StoryTableViewCell.swift in Sources */,
				F2A96CFC2C92AB8800266F63 /* ReelsViewController.swift in Sources */,
				F2A1C5502C91545C0006C7F5 /* FeedModel.swift in Sources */,
			);
			runOnlyForDeploymentPostprocessing = 0;
		};
		F252785C2C8989E100685866 /* Sources */ = {
			isa = PBXSourcesBuildPhase;
			buildActionMask = 2147483647;
			files = (
				F25278652C8989E100685866 /* CatstaGramTests.swift in Sources */,
			);
			runOnlyForDeploymentPostprocessing = 0;
		};
		F25278662C8989E100685866 /* Sources */ = {
			isa = PBXSourcesBuildPhase;
			buildActionMask = 2147483647;
			files = (
				F252786F2C8989E100685866 /* CatstaGramUITests.swift in Sources */,
				F25278712C8989E100685866 /* CatstaGramUITestsLaunchTests.swift in Sources */,
			);
			runOnlyForDeploymentPostprocessing = 0;
		};
/* End PBXSourcesBuildPhase section */

/* Begin PBXTargetDependency section */
		F25278622C8989E100685866 /* PBXTargetDependency */ = {
			isa = PBXTargetDependency;
			target = F25278492C8989E000685866 /* CatstaGram */;
			targetProxy = F25278612C8989E100685866 /* PBXContainerItemProxy */;
		};
		F252786C2C8989E100685866 /* PBXTargetDependency */ = {
			isa = PBXTargetDependency;
			target = F25278492C8989E000685866 /* CatstaGram */;
			targetProxy = F252786B2C8989E100685866 /* PBXContainerItemProxy */;
		};
/* End PBXTargetDependency section */

/* Begin PBXVariantGroup section */
		F25278532C8989E000685866 /* Main.storyboard */ = {
			isa = PBXVariantGroup;
			children = (
				F25278542C8989E000685866 /* Base */,
			);
			name = Main.storyboard;
			sourceTree = "<group>";
		};
		F25278582C8989E100685866 /* LaunchScreen.storyboard */ = {
			isa = PBXVariantGroup;
			children = (
				F25278592C8989E100685866 /* Base */,
			);
			name = LaunchScreen.storyboard;
			sourceTree = "<group>";
		};
/* End PBXVariantGroup section */

/* Begin XCBuildConfiguration section */
		F25278722C8989E100685866 /* Debug */ = {
			isa = XCBuildConfiguration;
			buildSettings = {
				ALWAYS_SEARCH_USER_PATHS = NO;
				ASSETCATALOG_COMPILER_GENERATE_SWIFT_ASSET_SYMBOL_EXTENSIONS = YES;
				CLANG_ANALYZER_NONNULL = YES;
				CLANG_ANALYZER_NUMBER_OBJECT_CONVERSION = YES_AGGRESSIVE;
				CLANG_CXX_LANGUAGE_STANDARD = "gnu++20";
				CLANG_ENABLE_MODULES = YES;
				CLANG_ENABLE_OBJC_ARC = YES;
				CLANG_ENABLE_OBJC_WEAK = YES;
				CLANG_WARN_BLOCK_CAPTURE_AUTORELEASING = YES;
				CLANG_WARN_BOOL_CONVERSION = YES;
				CLANG_WARN_COMMA = YES;
				CLANG_WARN_CONSTANT_CONVERSION = YES;
				CLANG_WARN_DEPRECATED_OBJC_IMPLEMENTATIONS = YES;
				CLANG_WARN_DIRECT_OBJC_ISA_USAGE = YES_ERROR;
				CLANG_WARN_DOCUMENTATION_COMMENTS = YES;
				CLANG_WARN_EMPTY_BODY = YES;
				CLANG_WARN_ENUM_CONVERSION = YES;
				CLANG_WARN_INFINITE_RECURSION = YES;
				CLANG_WARN_INT_CONVERSION = YES;
				CLANG_WARN_NON_LITERAL_NULL_CONVERSION = YES;
				CLANG_WARN_OBJC_IMPLICIT_RETAIN_SELF = YES;
				CLANG_WARN_OBJC_LITERAL_CONVERSION = YES;
				CLANG_WARN_OBJC_ROOT_CLASS = YES_ERROR;
				CLANG_WARN_QUOTED_INCLUDE_IN_FRAMEWORK_HEADER = YES;
				CLANG_WARN_RANGE_LOOP_ANALYSIS = YES;
				CLANG_WARN_STRICT_PROTOTYPES = YES;
				CLANG_WARN_SUSPICIOUS_MOVE = YES;
				CLANG_WARN_UNGUARDED_AVAILABILITY = YES_AGGRESSIVE;
				CLANG_WARN_UNREACHABLE_CODE = YES;
				CLANG_WARN__DUPLICATE_METHOD_MATCH = YES;
				COPY_PHASE_STRIP = NO;
				DEBUG_INFORMATION_FORMAT = dwarf;
				ENABLE_STRICT_OBJC_MSGSEND = YES;
				ENABLE_TESTABILITY = YES;
				ENABLE_USER_SCRIPT_SANDBOXING = YES;
				GCC_C_LANGUAGE_STANDARD = gnu17;
				GCC_DYNAMIC_NO_PIC = NO;
				GCC_NO_COMMON_BLOCKS = YES;
				GCC_OPTIMIZATION_LEVEL = 0;
				GCC_PREPROCESSOR_DEFINITIONS = (
					"DEBUG=1",
					"$(inherited)",
				);
				GCC_WARN_64_TO_32_BIT_CONVERSION = YES;
				GCC_WARN_ABOUT_RETURN_TYPE = YES_ERROR;
				GCC_WARN_UNDECLARED_SELECTOR = YES;
				GCC_WARN_UNINITIALIZED_AUTOS = YES_AGGRESSIVE;
				GCC_WARN_UNUSED_FUNCTION = YES;
				GCC_WARN_UNUSED_VARIABLE = YES;
				IPHONEOS_DEPLOYMENT_TARGET = 17.5;
				LOCALIZATION_PREFERS_STRING_CATALOGS = YES;
				MTL_ENABLE_DEBUG_INFO = INCLUDE_SOURCE;
				MTL_FAST_MATH = YES;
				ONLY_ACTIVE_ARCH = YES;
				SDKROOT = iphoneos;
				SWIFT_ACTIVE_COMPILATION_CONDITIONS = "DEBUG $(inherited)";
				SWIFT_OPTIMIZATION_LEVEL = "-Onone";
			};
			name = Debug;
		};
		F25278732C8989E100685866 /* Release */ = {
			isa = XCBuildConfiguration;
			buildSettings = {
				ALWAYS_SEARCH_USER_PATHS = NO;
				ASSETCATALOG_COMPILER_GENERATE_SWIFT_ASSET_SYMBOL_EXTENSIONS = YES;
				CLANG_ANALYZER_NONNULL = YES;
				CLANG_ANALYZER_NUMBER_OBJECT_CONVERSION = YES_AGGRESSIVE;
				CLANG_CXX_LANGUAGE_STANDARD = "gnu++20";
				CLANG_ENABLE_MODULES = YES;
				CLANG_ENABLE_OBJC_ARC = YES;
				CLANG_ENABLE_OBJC_WEAK = YES;
				CLANG_WARN_BLOCK_CAPTURE_AUTORELEASING = YES;
				CLANG_WARN_BOOL_CONVERSION = YES;
				CLANG_WARN_COMMA = YES;
				CLANG_WARN_CONSTANT_CONVERSION = YES;
				CLANG_WARN_DEPRECATED_OBJC_IMPLEMENTATIONS = YES;
				CLANG_WARN_DIRECT_OBJC_ISA_USAGE = YES_ERROR;
				CLANG_WARN_DOCUMENTATION_COMMENTS = YES;
				CLANG_WARN_EMPTY_BODY = YES;
				CLANG_WARN_ENUM_CONVERSION = YES;
				CLANG_WARN_INFINITE_RECURSION = YES;
				CLANG_WARN_INT_CONVERSION = YES;
				CLANG_WARN_NON_LITERAL_NULL_CONVERSION = YES;
				CLANG_WARN_OBJC_IMPLICIT_RETAIN_SELF = YES;
				CLANG_WARN_OBJC_LITERAL_CONVERSION = YES;
				CLANG_WARN_OBJC_ROOT_CLASS = YES_ERROR;
				CLANG_WARN_QUOTED_INCLUDE_IN_FRAMEWORK_HEADER = YES;
				CLANG_WARN_RANGE_LOOP_ANALYSIS = YES;
				CLANG_WARN_STRICT_PROTOTYPES = YES;
				CLANG_WARN_SUSPICIOUS_MOVE = YES;
				CLANG_WARN_UNGUARDED_AVAILABILITY = YES_AGGRESSIVE;
				CLANG_WARN_UNREACHABLE_CODE = YES;
				CLANG_WARN__DUPLICATE_METHOD_MATCH = YES;
				COPY_PHASE_STRIP = NO;
				DEBUG_INFORMATION_FORMAT = "dwarf-with-dsym";
				ENABLE_NS_ASSERTIONS = NO;
				ENABLE_STRICT_OBJC_MSGSEND = YES;
				ENABLE_USER_SCRIPT_SANDBOXING = YES;
				GCC_C_LANGUAGE_STANDARD = gnu17;
				GCC_NO_COMMON_BLOCKS = YES;
				GCC_WARN_64_TO_32_BIT_CONVERSION = YES;
				GCC_WARN_ABOUT_RETURN_TYPE = YES_ERROR;
				GCC_WARN_UNDECLARED_SELECTOR = YES;
				GCC_WARN_UNINITIALIZED_AUTOS = YES_AGGRESSIVE;
				GCC_WARN_UNUSED_FUNCTION = YES;
				GCC_WARN_UNUSED_VARIABLE = YES;
				IPHONEOS_DEPLOYMENT_TARGET = 17.5;
				LOCALIZATION_PREFERS_STRING_CATALOGS = YES;
				MTL_ENABLE_DEBUG_INFO = NO;
				MTL_FAST_MATH = YES;
				SDKROOT = iphoneos;
				SWIFT_COMPILATION_MODE = wholemodule;
				VALIDATE_PRODUCT = YES;
			};
			name = Release;
		};
		F25278752C8989E100685866 /* Debug */ = {
			isa = XCBuildConfiguration;
			baseConfigurationReference = 3F3F8A2CF2138145091B5323 /* Pods-CatstaGram.debug.xcconfig */;
			buildSettings = {
				ASSETCATALOG_COMPILER_APPICON_NAME = AppIcon;
				ASSETCATALOG_COMPILER_GLOBAL_ACCENT_COLOR_NAME = AccentColor;
				CODE_SIGN_STYLE = Automatic;
				CURRENT_PROJECT_VERSION = 1;
				DEVELOPMENT_TEAM = FMHAT7KHA7;
				ENABLE_USER_SCRIPT_SANDBOXING = NO;
				GENERATE_INFOPLIST_FILE = YES;
				INFOPLIST_FILE = CatstaGram/Info.plist;
				INFOPLIST_KEY_UIApplicationSupportsIndirectInputEvents = YES;
				INFOPLIST_KEY_UILaunchStoryboardName = LaunchScreen;
				INFOPLIST_KEY_UIMainStoryboardFile = Main;
				INFOPLIST_KEY_UISupportedInterfaceOrientations_iPad = "UIInterfaceOrientationPortrait UIInterfaceOrientationPortraitUpsideDown UIInterfaceOrientationLandscapeLeft UIInterfaceOrientationLandscapeRight";
				INFOPLIST_KEY_UISupportedInterfaceOrientations_iPhone = "UIInterfaceOrientationPortrait UIInterfaceOrientationLandscapeLeft UIInterfaceOrientationLandscapeRight";
				LD_RUNPATH_SEARCH_PATHS = (
					"$(inherited)",
					"@executable_path/Frameworks",
				);
				MARKETING_VERSION = 1.0;
				PRODUCT_BUNDLE_IDENTIFIER = gyunorld.CatstaGram;
				PRODUCT_NAME = "$(TARGET_NAME)";
				SWIFT_EMIT_LOC_STRINGS = YES;
				SWIFT_VERSION = 5.0;
				TARGETED_DEVICE_FAMILY = "1,2";
			};
			name = Debug;
		};
		F25278762C8989E100685866 /* Release */ = {
			isa = XCBuildConfiguration;
			baseConfigurationReference = 9A67C7576C1B24CBB897364E /* Pods-CatstaGram.release.xcconfig */;
			buildSettings = {
				ASSETCATALOG_COMPILER_APPICON_NAME = AppIcon;
				ASSETCATALOG_COMPILER_GLOBAL_ACCENT_COLOR_NAME = AccentColor;
				CODE_SIGN_STYLE = Automatic;
				CURRENT_PROJECT_VERSION = 1;
				DEVELOPMENT_TEAM = FMHAT7KHA7;
				ENABLE_USER_SCRIPT_SANDBOXING = NO;
				GENERATE_INFOPLIST_FILE = YES;
				INFOPLIST_FILE = CatstaGram/Info.plist;
				INFOPLIST_KEY_UIApplicationSupportsIndirectInputEvents = YES;
				INFOPLIST_KEY_UILaunchStoryboardName = LaunchScreen;
				INFOPLIST_KEY_UIMainStoryboardFile = Main;
				INFOPLIST_KEY_UISupportedInterfaceOrientations_iPad = "UIInterfaceOrientationPortrait UIInterfaceOrientationPortraitUpsideDown UIInterfaceOrientationLandscapeLeft UIInterfaceOrientationLandscapeRight";
				INFOPLIST_KEY_UISupportedInterfaceOrientations_iPhone = "UIInterfaceOrientationPortrait UIInterfaceOrientationLandscapeLeft UIInterfaceOrientationLandscapeRight";
				LD_RUNPATH_SEARCH_PATHS = (
					"$(inherited)",
					"@executable_path/Frameworks",
				);
				MARKETING_VERSION = 1.0;
				PRODUCT_BUNDLE_IDENTIFIER = gyunorld.CatstaGram;
				PRODUCT_NAME = "$(TARGET_NAME)";
				SWIFT_EMIT_LOC_STRINGS = YES;
				SWIFT_VERSION = 5.0;
				TARGETED_DEVICE_FAMILY = "1,2";
			};
			name = Release;
		};
		F25278782C8989E100685866 /* Debug */ = {
			isa = XCBuildConfiguration;
			buildSettings = {
				ALWAYS_EMBED_SWIFT_STANDARD_LIBRARIES = YES;
				BUNDLE_LOADER = "$(TEST_HOST)";
				CODE_SIGN_STYLE = Automatic;
				CURRENT_PROJECT_VERSION = 1;
				DEVELOPMENT_TEAM = FMHAT7KHA7;
				GENERATE_INFOPLIST_FILE = YES;
				IPHONEOS_DEPLOYMENT_TARGET = 17.5;
				MARKETING_VERSION = 1.0;
				PRODUCT_BUNDLE_IDENTIFIER = gyunorld.CatstaGramTests;
				PRODUCT_NAME = "$(TARGET_NAME)";
				SWIFT_EMIT_LOC_STRINGS = NO;
				SWIFT_VERSION = 5.0;
				TARGETED_DEVICE_FAMILY = "1,2";
				TEST_HOST = "$(BUILT_PRODUCTS_DIR)/CatstaGram.app/$(BUNDLE_EXECUTABLE_FOLDER_PATH)/CatstaGram";
			};
			name = Debug;
		};
		F25278792C8989E100685866 /* Release */ = {
			isa = XCBuildConfiguration;
			buildSettings = {
				ALWAYS_EMBED_SWIFT_STANDARD_LIBRARIES = YES;
				BUNDLE_LOADER = "$(TEST_HOST)";
				CODE_SIGN_STYLE = Automatic;
				CURRENT_PROJECT_VERSION = 1;
				DEVELOPMENT_TEAM = FMHAT7KHA7;
				GENERATE_INFOPLIST_FILE = YES;
				IPHONEOS_DEPLOYMENT_TARGET = 17.5;
				MARKETING_VERSION = 1.0;
				PRODUCT_BUNDLE_IDENTIFIER = gyunorld.CatstaGramTests;
				PRODUCT_NAME = "$(TARGET_NAME)";
				SWIFT_EMIT_LOC_STRINGS = NO;
				SWIFT_VERSION = 5.0;
				TARGETED_DEVICE_FAMILY = "1,2";
				TEST_HOST = "$(BUILT_PRODUCTS_DIR)/CatstaGram.app/$(BUNDLE_EXECUTABLE_FOLDER_PATH)/CatstaGram";
			};
			name = Release;
		};
		F252787B2C8989E100685866 /* Debug */ = {
			isa = XCBuildConfiguration;
			buildSettings = {
				ALWAYS_EMBED_SWIFT_STANDARD_LIBRARIES = YES;
				CODE_SIGN_STYLE = Automatic;
				CURRENT_PROJECT_VERSION = 1;
				DEVELOPMENT_TEAM = FMHAT7KHA7;
				GENERATE_INFOPLIST_FILE = YES;
				MARKETING_VERSION = 1.0;
				PRODUCT_BUNDLE_IDENTIFIER = gyunorld.CatstaGramUITests;
				PRODUCT_NAME = "$(TARGET_NAME)";
				SWIFT_EMIT_LOC_STRINGS = NO;
				SWIFT_VERSION = 5.0;
				TARGETED_DEVICE_FAMILY = "1,2";
				TEST_TARGET_NAME = CatstaGram;
			};
			name = Debug;
		};
		F252787C2C8989E100685866 /* Release */ = {
			isa = XCBuildConfiguration;
			buildSettings = {
				ALWAYS_EMBED_SWIFT_STANDARD_LIBRARIES = YES;
				CODE_SIGN_STYLE = Automatic;
				CURRENT_PROJECT_VERSION = 1;
				DEVELOPMENT_TEAM = FMHAT7KHA7;
				GENERATE_INFOPLIST_FILE = YES;
				MARKETING_VERSION = 1.0;
				PRODUCT_BUNDLE_IDENTIFIER = gyunorld.CatstaGramUITests;
				PRODUCT_NAME = "$(TARGET_NAME)";
				SWIFT_EMIT_LOC_STRINGS = NO;
				SWIFT_VERSION = 5.0;
				TARGETED_DEVICE_FAMILY = "1,2";
				TEST_TARGET_NAME = CatstaGram;
			};
			name = Release;
		};
/* End XCBuildConfiguration section */

/* Begin XCConfigurationList section */
		F25278452C8989E000685866 /* Build configuration list for PBXProject "CatstaGram" */ = {
			isa = XCConfigurationList;
			buildConfigurations = (
				F25278722C8989E100685866 /* Debug */,
				F25278732C8989E100685866 /* Release */,
			);
			defaultConfigurationIsVisible = 0;
			defaultConfigurationName = Release;
		};
		F25278742C8989E100685866 /* Build configuration list for PBXNativeTarget "CatstaGram" */ = {
			isa = XCConfigurationList;
			buildConfigurations = (
				F25278752C8989E100685866 /* Debug */,
				F25278762C8989E100685866 /* Release */,
			);
			defaultConfigurationIsVisible = 0;
			defaultConfigurationName = Release;
		};
		F25278772C8989E100685866 /* Build configuration list for PBXNativeTarget "CatstaGramTests" */ = {
			isa = XCConfigurationList;
			buildConfigurations = (
				F25278782C8989E100685866 /* Debug */,
				F25278792C8989E100685866 /* Release */,
			);
			defaultConfigurationIsVisible = 0;
			defaultConfigurationName = Release;
		};
		F252787A2C8989E100685866 /* Build configuration list for PBXNativeTarget "CatstaGramUITests" */ = {
			isa = XCConfigurationList;
			buildConfigurations = (
				F252787B2C8989E100685866 /* Debug */,
				F252787C2C8989E100685866 /* Release */,
			);
			defaultConfigurationIsVisible = 0;
			defaultConfigurationName = Release;
		};
/* End XCConfigurationList section */
	};
	rootObject = F25278422C8989E000685866 /* Project object */;
}
